{
  "name": "new-web-application",
  "lockfileVersion": 3,
  "requires": true,
  "packages": {
    "": {
      "dependencies": {
        "create-front-end-app-html": "^4.1.4"
      }
    },
    "node_modules/create-front-end-app-html": {
      "version": "4.1.4",
      "resolved": "https://registry.npmjs.org/create-front-end-app-html/-/create-front-end-app-html-4.1.4.tgz",
      "integrity": "sha512-+myKQjHtWBYI5UtBOphuaMd1NOrTlkViFceW7iShGycMXXmAJI5sWBSRnnbp9XlhzMXnuEGTUfK00bBNoZP/Hw==",
      "bin": {
        "create-front-end-app": "index.js"
      }
    }
  }
}
